PODS:
  - Flutter (1.0.0)
  - fluttertoast (0.0.2):
    - Flutter
  - permission_handler_apple (9.1.1):
    - Flutter
  - TrustDecisionLiveness (3.0.0)
  - TrustDecisionPro (5.2.1):
    - TrustDecisionPro/FMDeviceManagerFramework (= 5.2.1)
    - TrustDecisionPro/TDCorePlugin (= 5.2.1)
    - TrustDecisionPro/TDMobRisk (= 5.2.1)
  - TrustDecisionPro/FMDeviceManagerFramework (5.2.1)
  - TrustDecisionPro/TDCorePlugin (5.2.1)
  - TrustDecisionPro/TDMobRisk (5.2.1)
  - trustdevice_pro_plugin (1.4.2):
    - Flutter
    - TrustDecisionLiveness
    - TrustDecisionPro (= 5.2.1)

DEPENDENCIES:
  - Flutter (from `Flutter`)
  - fluttertoast (from `.symlinks/plugins/fluttertoast/ios`)
  - permission_handler_apple (from `.symlinks/plugins/permission_handler_apple/ios`)
  - trustdevice_pro_plugin (from `.symlinks/plugins/trustdevice_pro_plugin/ios`)

SPEC REPOS:
  trunk:
    - TrustDecisionLiveness
    - TrustDecisionPro

EXTERNAL SOURCES:
  Flutter:
    :path: Flutter
  fluttertoast:
    :path: ".symlinks/plugins/fluttertoast/ios"
  permission_handler_apple:
    :path: ".symlinks/plugins/permission_handler_apple/ios"
  trustdevice_pro_plugin:
    :path: ".symlinks/plugins/trustdevice_pro_plugin/ios"

SPEC CHECKSUMS:
  Flutter: cabc95a1d2626b1b06e7179b784ebcf0c0cde467
  fluttertoast: 2c67e14dce98bbdb200df9e1acf610d7a6264ea1
  permission_handler_apple: 3787117e48f80715ff04a3830ca039283d6a4f29
  TrustDecisionLiveness: 9aaf38a78a98e4ae377363074dff56fe62265c69
  TrustDecisionPro: 96f73b1ea80dd9a1978b1e7383d803fdc1f8e1fe
  trustdevice_pro_plugin: c8b501ae5c3c39e4472b5050b73846ce8121f0c1

PODFILE CHECKSUM: 3c63482e143d1b91d2d2560aee9fb04ecc74ac7e

COCOAPODS: 1.16.2
