PODS:
  - Flutter (1.0.0)
  - fluttertoast (0.0.2):
    - Flutter
  - permission_handler_apple (9.3.0):
    - Flutter
  - TrustDecisionPro (5.2.1):
    - TrustDecisionPro/FMDeviceManagerFramework (= 5.2.1)
    - TrustDecisionPro/TDCorePlugin (= 5.2.1)
    - TrustDecisionPro/TDMobRisk (= 5.2.1)
  - TrustDecisionPro/FMDeviceManagerFramework (5.2.1)
  - TrustDecisionPro/TDCorePlugin (5.2.1)
  - TrustDecisionPro/TDMobRisk (5.2.1)
  - trustdevice_pro_plugin (1.4.4):
    - Flutter
    - TrustDecisionPro

DEPENDENCIES:
  - Flutter (from `Flutter`)
  - fluttertoast (from `.symlinks/plugins/fluttertoast/ios`)
  - permission_handler_apple (from `.symlinks/plugins/permission_handler_apple/ios`)
  - trustdevice_pro_plugin (from `.symlinks/plugins/trustdevice_pro_plugin/ios`)

SPEC REPOS:
  trunk:
    - TrustDecisionPro

EXTERNAL SOURCES:
  Flutter:
    :path: Flutter
  fluttertoast:
    :path: ".symlinks/plugins/fluttertoast/ios"
  permission_handler_apple:
    :path: ".symlinks/plugins/permission_handler_apple/ios"
  trustdevice_pro_plugin:
    :path: ".symlinks/plugins/trustdevice_pro_plugin/ios"

SPEC CHECKSUMS:
  Flutter: e0871f40cf51350855a761d2e70bf5af5b9b5de7
  fluttertoast: 21eecd6935e7064cc1fcb733a4c5a428f3f24f0f
  permission_handler_apple: 9878588469a2b0d0fc1e048d9f43605f92e6cec2
  TrustDecisionPro: 96f73b1ea80dd9a1978b1e7383d803fdc1f8e1fe
  trustdevice_pro_plugin: fde03218a6ae4d2a27ef19e6908eeed44541c791

PODFILE CHECKSUM: 20e260c9bb3f61194c661a4ba028da86e4f3ed96

COCOAPODS: 1.16.2
